
Microsoft Visual Studio Solution File, Format Version 12.00
# Visual Studio Version 16
VisualStudioVersion = 16.0.30804.86
MinimumVisualStudioVersion = 10.0.40219.1
Project("{9A19103F-16F7-4668-BE54-9A1E7A4F7556}") = "kampİntro", "kampİntro\kampİntro.csproj", "{3251B48C-84D2-4C2F-B0B2-46A3918CA890}"
EndProject
Project("{9A19103F-16F7-4668-BE54-9A1E7A4F7556}") = "Donguler", "Donguler\Donguler.csproj", "{0A31CB02-1514-44D6-8868-176C958CF704}"
EndProject
Project("{9A19103F-16F7-4668-BE54-9A1E7A4F7556}") = "ClassIntro", "ClassIntro\ClassIntro.csproj", "{78155901-E740-46B6-94C8-5019B10A8BF5}"
EndProject
Project("{9A19103F-16F7-4668-BE54-9A1E7A4F7556}") = "ternanyOperratoru", "ternanyOperratoru\ternanyOperratoru.csproj", "{9CC043F9-C6B2-4248-A378-26CFB341AD73}"
EndProject
Project("{9A19103F-16F7-4668-BE54-9A1E7A4F7556}") = "Metotlar", "Metotlar\Metotlar.csproj", "{DB9E0BED-89F0-46FE-9C2D-C40E193D4FF8}"
EndProject
Project("{9A19103F-16F7-4668-BE54-9A1E7A4F7556}") = "Matematik", "Matematik\Matematik.csproj", "{864A0F51-6A42-4571-B20A-8A2C527EA0E8}"
EndProject
Project("{9A19103F-16F7-4668-BE54-9A1E7A4F7556}") = "DegerVeReferansTipler", "DegerVeReferansTipler\DegerVeReferansTipler.csproj", "{03EE33DC-BE5B-4B2B-86D9-C75FEAC35A5D}"
EndProject
Project("{FAE04EC0-301F-11D3-BF4B-00C04F79EFBC}") = "OOP1", "OOP1\OOP1.csproj", "{EB166611-9526-4E69-A5F9-92A065ADA087}"
EndProject
Project("{FAE04EC0-301F-11D3-BF4B-00C04F79EFBC}") = "Koleksiyonlar", "Koleksiyonlar\Koleksiyonlar.csproj", "{A6B9DE82-5FE0-4684-B460-9B829BFAC2E7}"
EndProject
Project("{FAE04EC0-301F-11D3-BF4B-00C04F79EFBC}") = "GenericsIntro", "GenericsIntro\GenericsIntro.csproj", "{34CE47AB-0AAF-4A93-8ECC-A8E0DAA6B4BD}"
EndProject
Global
	GlobalSection(SolutionConfigurationPlatforms) = preSolution
		Debug|Any CPU = Debug|Any CPU
		Release|Any CPU = Release|Any CPU
	EndGlobalSection
	GlobalSection(ProjectConfigurationPlatforms) = postSolution
		{3251B48C-84D2-4C2F-B0B2-46A3918CA890}.Debug|Any CPU.ActiveCfg = Debug|Any CPU
		{3251B48C-84D2-4C2F-B0B2-46A3918CA890}.Debug|Any CPU.Build.0 = Debug|Any CPU
		{3251B48C-84D2-4C2F-B0B2-46A3918CA890}.Release|Any CPU.ActiveCfg = Release|Any CPU
		{3251B48C-84D2-4C2F-B0B2-46A3918CA890}.Release|Any CPU.Build.0 = Release|Any CPU
		{0A31CB02-1514-44D6-8868-176C958CF704}.Debug|Any CPU.ActiveCfg = Debug|Any CPU
		{0A31CB02-1514-44D6-8868-176C958CF704}.Debug|Any CPU.Build.0 = Debug|Any CPU
		{0A31CB02-1514-44D6-8868-176C958CF704}.Release|Any CPU.ActiveCfg = Release|Any CPU
		{0A31CB02-1514-44D6-8868-176C958CF704}.Release|Any CPU.Build.0 = Release|Any CPU
		{78155901-E740-46B6-94C8-5019B10A8BF5}.Debug|Any CPU.ActiveCfg = Debug|Any CPU
		{78155901-E740-46B6-94C8-5019B10A8BF5}.Debug|Any CPU.Build.0 = Debug|Any CPU
		{78155901-E740-46B6-94C8-5019B10A8BF5}.Release|Any CPU.ActiveCfg = Release|Any CPU
		{78155901-E740-46B6-94C8-5019B10A8BF5}.Release|Any CPU.Build.0 = Release|Any CPU
		{9CC043F9-C6B2-4248-A378-26CFB341AD73}.Debug|Any CPU.ActiveCfg = Debug|Any CPU
		{9CC043F9-C6B2-4248-A378-26CFB341AD73}.Debug|Any CPU.Build.0 = Debug|Any CPU
		{9CC043F9-C6B2-4248-A378-26CFB341AD73}.Release|Any CPU.ActiveCfg = Release|Any CPU
		{9CC043F9-C6B2-4248-A378-26CFB341AD73}.Release|Any CPU.Build.0 = Release|Any CPU
		{DB9E0BED-89F0-46FE-9C2D-C40E193D4FF8}.Debug|Any CPU.ActiveCfg = Debug|Any CPU
		{DB9E0BED-89F0-46FE-9C2D-C40E193D4FF8}.Debug|Any CPU.Build.0 = Debug|Any CPU
		{DB9E0BED-89F0-46FE-9C2D-C40E193D4FF8}.Release|Any CPU.ActiveCfg = Release|Any CPU
		{DB9E0BED-89F0-46FE-9C2D-C40E193D4FF8}.Release|Any CPU.Build.0 = Release|Any CPU
		{864A0F51-6A42-4571-B20A-8A2C527EA0E8}.Debug|Any CPU.ActiveCfg = Debug|Any CPU
		{864A0F51-6A42-4571-B20A-8A2C527EA0E8}.Debug|Any CPU.Build.0 = Debug|Any CPU
		{864A0F51-6A42-4571-B20A-8A2C527EA0E8}.Release|Any CPU.ActiveCfg = Release|Any CPU
		{864A0F51-6A42-4571-B20A-8A2C527EA0E8}.Release|Any CPU.Build.0 = Release|Any CPU
		{03EE33DC-BE5B-4B2B-86D9-C75FEAC35A5D}.Debug|Any CPU.ActiveCfg = Debug|Any CPU
		{03EE33DC-BE5B-4B2B-86D9-C75FEAC35A5D}.Debug|Any CPU.Build.0 = Debug|Any CPU
		{03EE33DC-BE5B-4B2B-86D9-C75FEAC35A5D}.Release|Any CPU.ActiveCfg = Release|Any CPU
		{03EE33DC-BE5B-4B2B-86D9-C75FEAC35A5D}.Release|Any CPU.Build.0 = Release|Any CPU
		{EB166611-9526-4E69-A5F9-92A065ADA087}.Debug|Any CPU.ActiveCfg = Debug|Any CPU
		{EB166611-9526-4E69-A5F9-92A065ADA087}.Debug|Any CPU.Build.0 = Debug|Any CPU
		{EB166611-9526-4E69-A5F9-92A065ADA087}.Release|Any CPU.ActiveCfg = Release|Any CPU
		{EB166611-9526-4E69-A5F9-92A065ADA087}.Release|Any CPU.Build.0 = Release|Any CPU
		{A6B9DE82-5FE0-4684-B460-9B829BFAC2E7}.Debug|Any CPU.ActiveCfg = Debug|Any CPU
		{A6B9DE82-5FE0-4684-B460-9B829BFAC2E7}.Debug|Any CPU.Build.0 = Debug|Any CPU
		{A6B9DE82-5FE0-4684-B460-9B829BFAC2E7}.Release|Any CPU.ActiveCfg = Release|Any CPU
		{A6B9DE82-5FE0-4684-B460-9B829BFAC2E7}.Release|Any CPU.Build.0 = Release|Any CPU
		{34CE47AB-0AAF-4A93-8ECC-A8E0DAA6B4BD}.Debug|Any CPU.ActiveCfg = Debug|Any CPU
		{34CE47AB-0AAF-4A93-8ECC-A8E0DAA6B4BD}.Debug|Any CPU.Build.0 = Debug|Any CPU
		{34CE47AB-0AAF-4A93-8ECC-A8E0DAA6B4BD}.Release|Any CPU.ActiveCfg = Release|Any CPU
		{34CE47AB-0AAF-4A93-8ECC-A8E0DAA6B4BD}.Release|Any CPU.Build.0 = Release|Any CPU
	EndGlobalSection
	GlobalSection(SolutionProperties) = preSolution
		HideSolutionNode = FALSE
	EndGlobalSection
	GlobalSection(ExtensibilityGlobals) = postSolution
		SolutionGuid = {664DB254-864A-49CB-930B-4B3529FBAF5E}
	EndGlobalSection
EndGlobal
